
Microsoft Visual Studio Solution File, Format Version 12.00
# Visual Studio 15
VisualStudioVersion = 15.0.28307.421
MinimumVisualStudioVersion = 10.0.40219.1
Project("{FAE04EC0-301F-11D3-BF4B-00C04F79EFBC}") = "SuperAdventure3", "SuperAdventure3\SuperAdventure3.csproj", "{F8D80160-F54E-4C6E-A365-1DDDB896132C}"
EndProject
Project("{FAE04EC0-301F-11D3-BF4B-00C04F79EFBC}") = "Engine", "Engine\Engine.csproj", "{84C9F278-F7DD-44D4-9E84-245FE4059F00}"
EndProject
Global
	GlobalSection(SolutionConfigurationPlatforms) = preSolution
		Debug|Any CPU = Debug|Any CPU
		Release|Any CPU = Release|Any CPU
	EndGlobalSection
	GlobalSection(ProjectConfigurationPlatforms) = postSolution
		{F8D80160-F54E-4C6E-A365-1DDDB896132C}.Debug|Any CPU.ActiveCfg = Debug|Any CPU
		{F8D80160-F54E-4C6E-A365-1DDDB896132C}.Debug|Any CPU.Build.0 = Debug|Any CPU
		{F8D80160-F54E-4C6E-A365-1DDDB896132C}.Release|Any CPU.ActiveCfg = Release|Any CPU
		{F8D80160-F54E-4C6E-A365-1DDDB896132C}.Release|Any CPU.Build.0 = Release|Any CPU
		{84C9F278-F7DD-44D4-9E84-245FE4059F00}.Debug|Any CPU.ActiveCfg = Debug|Any CPU
		{84C9F278-F7DD-44D4-9E84-245FE4059F00}.Debug|Any CPU.Build.0 = Debug|Any CPU
		{84C9F278-F7DD-44D4-9E84-245FE4059F00}.Release|Any CPU.ActiveCfg = Release|Any CPU
		{84C9F278-F7DD-44D4-9E84-245FE4059F00}.Release|Any CPU.Build.0 = Release|Any CPU
	EndGlobalSection
	GlobalSection(SolutionProperties) = preSolution
		HideSolutionNode = FALSE
	EndGlobalSection
	GlobalSection(ExtensibilityGlobals) = postSolution
		SolutionGuid = {76A75484-FD95-4042-988C-9A6CAD9CF6EA}
	EndGlobalSection
EndGlobal
